
Microsoft Visual Studio Solution File, Format Version 12.00
# Visual Studio Version 16
VisualStudioVersion = 16.0.31624.102
MinimumVisualStudioVersion = 10.0.40219.1
Project("{FAE04EC0-301F-11D3-BF4B-00C04F79EFBC}") = "Uppgifter-20210902", "Uppgifter-20210902\Uppgifter-20210902.csproj", "{29BDC37F-45D3-4ED1-ACB6-CA5A4FA7F969}"
EndProject
Global
	GlobalSection(SolutionConfigurationPlatforms) = preSolution
		Debug|Any CPU = Debug|Any CPU
		Release|Any CPU = Release|Any CPU
	EndGlobalSection
	GlobalSection(ProjectConfigurationPlatforms) = postSolution
		{29BDC37F-45D3-4ED1-ACB6-CA5A4FA7F969}.Debug|Any CPU.ActiveCfg = Debug|Any CPU
		{29BDC37F-45D3-4ED1-ACB6-CA5A4FA7F969}.Debug|Any CPU.Build.0 = Debug|Any CPU
		{29BDC37F-45D3-4ED1-ACB6-CA5A4FA7F969}.Release|Any CPU.ActiveCfg = Release|Any CPU
		{29BDC37F-45D3-4ED1-ACB6-CA5A4FA7F969}.Release|Any CPU.Build.0 = Release|Any CPU
	EndGlobalSection
	GlobalSection(SolutionProperties) = preSolution
		HideSolutionNode = FALSE
	EndGlobalSection
	GlobalSection(ExtensibilityGlobals) = postSolution
		SolutionGuid = {CC747B28-0943-44F5-A81B-568B710974B8}
	EndGlobalSection
EndGlobal
